
Microsoft Visual Studio Solution File, Format Version 12.00
# Visual Studio 15
VisualStudioVersion = 15.0.28307.960
MinimumVisualStudioVersion = 10.0.40219.1
Project("{8BC9CEB8-8B4A-11D0-8D11-00A0C91BC942}") = "linuxHighPerformanceServer", "linuxHighPerformanceServer\linuxHighPerformanceServer.vcxproj", "{7E798721-459C-4611-A5ED-04FF34E54297}"
EndProject
Project("{8BC9CEB8-8B4A-11D0-8D11-00A0C91BC942}") = "lesson5", "lesson5\lesson5.vcxproj", "{DBB08532-D02F-4884-A70A-587A0241C082}"
EndProject
Project("{2150E333-8FDC-42A3-9474-1A3956D46DE8}") = "Part9", "Part9", "{60A44DB9-74C8-40AF-9113-AE4308A65401}"
EndProject
Project("{8BC9CEB8-8B4A-11D0-8D11-00A0C91BC942}") = "lesson9-1", "lesson9-1\lesson9-1.vcxproj", "{1C2CC439-0472-4D87-BDB7-753B0D1AFD88}"
EndProject
Project("{8BC9CEB8-8B4A-11D0-8D11-00A0C91BC942}") = "lesson9-3", "lesson9-3\lesson9-3.vcxproj", "{CB1D4F5A-5CE0-4EBF-93CB-C5D1BE2EBFB8}"
EndProject
Project("{2150E333-8FDC-42A3-9474-1A3956D46DE8}") = "Part5", "Part5", "{DE61E5BA-7669-4C2E-951F-49779257A7F5}"
EndProject
Project("{2150E333-8FDC-42A3-9474-1A3956D46DE8}") = "Part14", "Part14", "{6525A638-CB78-4D14-B772-039098072871}"
EndProject
Project("{8BC9CEB8-8B4A-11D0-8D11-00A0C91BC942}") = "lesson14-1mutual_lock", "lesson14-1mutual_lock\lesson14-1mutual_lock.vcxproj", "{1358D063-4F99-43B7-9284-48E335CB9D4C}"
EndProject
Project("{8BC9CEB8-8B4A-11D0-8D11-00A0C91BC942}") = "lesson14-3thread_atfork", "14-3thread_atfork\14-3thread_atfork.vcxproj", "{B80CA9BE-8D38-4FE1-8EB2-6EE7804B99BE}"
EndProject
Project("{8BC9CEB8-8B4A-11D0-8D11-00A0C91BC942}") = "lesson14-5sigmask", "lesson14-5sigmask\lesson14-5sigmask.vcxproj", "{5FDBF02A-6B71-45D0-902A-1459D7F376FF}"
EndProject
Project("{2150E333-8FDC-42A3-9474-1A3956D46DE8}") = "Part11-定时器", "Part11-定时器", "{AF102062-3F85-4306-983D-9D43494BACFA}"
EndProject
Project("{8BC9CEB8-8B4A-11D0-8D11-00A0C91BC942}") = "lesson11-1connect_timeout", "lesson11-1connect_timeout\lesson11-1connect_timeout.vcxproj", "{D7E8432C-99AF-4605-ADB2-86F664C9FFC8}"
EndProject
Project("{2150E333-8FDC-42A3-9474-1A3956D46DE8}") = "Part10信号", "Part10信号", "{D11BB94D-D2BC-422C-A7A5-FDE65848C913}"
EndProject
Project("{8BC9CEB8-8B4A-11D0-8D11-00A0C91BC942}") = "sigalarm", "sigalarm\sigalarm.vcxproj", "{EA3ECD68-34B5-49EA-80D2-8885FF740970}"
EndProject
Project("{8BC9CEB8-8B4A-11D0-8D11-00A0C91BC942}") = "lesson10-1unievent", "lesson10-1unievent\lesson10-1unievent.vcxproj", "{EFE7290D-5CDE-4988-8CC2-2DCD657AD706}"
EndProject
Project("{8BC9CEB8-8B4A-11D0-8D11-00A0C91BC942}") = "lesson10-sigcld", "lesson10-sigcld\lesson10-sigcld.vcxproj", "{BC597EA1-4F47-4BB5-9263-87E63174B5FA}"
EndProject
Project("{8BC9CEB8-8B4A-11D0-8D11-00A0C91BC942}") = "lesson10-3sigurg", "lesson10-3sigurg\lesson10-3sigurg.vcxproj", "{D7FB0D94-632F-455D-B00D-F1EA5735E16A}"
EndProject
Global
	GlobalSection(SolutionConfigurationPlatforms) = preSolution
		Debug|ARM = Debug|ARM
		Debug|ARM64 = Debug|ARM64
		Debug|x64 = Debug|x64
		Debug|x86 = Debug|x86
		Release|ARM = Release|ARM
		Release|ARM64 = Release|ARM64
		Release|x64 = Release|x64
		Release|x86 = Release|x86
	EndGlobalSection
	GlobalSection(ProjectConfigurationPlatforms) = postSolution
		{7E798721-459C-4611-A5ED-04FF34E54297}.Debug|ARM.ActiveCfg = Debug|ARM
		{7E798721-459C-4611-A5ED-04FF34E54297}.Debug|ARM.Build.0 = Debug|ARM
		{7E798721-459C-4611-A5ED-04FF34E54297}.Debug|ARM64.ActiveCfg = Debug|ARM64
		{7E798721-459C-4611-A5ED-04FF34E54297}.Debug|ARM64.Build.0 = Debug|ARM64
		{7E798721-459C-4611-A5ED-04FF34E54297}.Debug|x64.ActiveCfg = Debug|x64
		{7E798721-459C-4611-A5ED-04FF34E54297}.Debug|x64.Build.0 = Debug|x64
		{7E798721-459C-4611-A5ED-04FF34E54297}.Debug|x86.ActiveCfg = Debug|x86
		{7E798721-459C-4611-A5ED-04FF34E54297}.Debug|x86.Build.0 = Debug|x86
		{7E798721-459C-4611-A5ED-04FF34E54297}.Release|ARM.ActiveCfg = Release|ARM
		{7E798721-459C-4611-A5ED-04FF34E54297}.Release|ARM.Build.0 = Release|ARM
		{7E798721-459C-4611-A5ED-04FF34E54297}.Release|ARM64.ActiveCfg = Release|ARM64
		{7E798721-459C-4611-A5ED-04FF34E54297}.Release|ARM64.Build.0 = Release|ARM64
		{7E798721-459C-4611-A5ED-04FF34E54297}.Release|x64.ActiveCfg = Release|x64
		{7E798721-459C-4611-A5ED-04FF34E54297}.Release|x64.Build.0 = Release|x64
		{7E798721-459C-4611-A5ED-04FF34E54297}.Release|x86.ActiveCfg = Release|x86
		{7E798721-459C-4611-A5ED-04FF34E54297}.Release|x86.Build.0 = Release|x86
		{DBB08532-D02F-4884-A70A-587A0241C082}.Debug|ARM.ActiveCfg = Debug|ARM
		{DBB08532-D02F-4884-A70A-587A0241C082}.Debug|ARM.Build.0 = Debug|ARM
		{DBB08532-D02F-4884-A70A-587A0241C082}.Debug|ARM64.ActiveCfg = Debug|ARM64
		{DBB08532-D02F-4884-A70A-587A0241C082}.Debug|ARM64.Build.0 = Debug|ARM64
		{DBB08532-D02F-4884-A70A-587A0241C082}.Debug|x64.ActiveCfg = Debug|x64
		{DBB08532-D02F-4884-A70A-587A0241C082}.Debug|x64.Build.0 = Debug|x64
		{DBB08532-D02F-4884-A70A-587A0241C082}.Debug|x86.ActiveCfg = Debug|x86
		{DBB08532-D02F-4884-A70A-587A0241C082}.Debug|x86.Build.0 = Debug|x86
		{DBB08532-D02F-4884-A70A-587A0241C082}.Release|ARM.ActiveCfg = Release|ARM
		{DBB08532-D02F-4884-A70A-587A0241C082}.Release|ARM.Build.0 = Release|ARM
		{DBB08532-D02F-4884-A70A-587A0241C082}.Release|ARM64.ActiveCfg = Release|ARM64
		{DBB08532-D02F-4884-A70A-587A0241C082}.Release|ARM64.Build.0 = Release|ARM64
		{DBB08532-D02F-4884-A70A-587A0241C082}.Release|x64.ActiveCfg = Release|x64
		{DBB08532-D02F-4884-A70A-587A0241C082}.Release|x64.Build.0 = Release|x64
		{DBB08532-D02F-4884-A70A-587A0241C082}.Release|x86.ActiveCfg = Release|x86
		{DBB08532-D02F-4884-A70A-587A0241C082}.Release|x86.Build.0 = Release|x86
		{1C2CC439-0472-4D87-BDB7-753B0D1AFD88}.Debug|ARM.ActiveCfg = Debug|ARM
		{1C2CC439-0472-4D87-BDB7-753B0D1AFD88}.Debug|ARM.Build.0 = Debug|ARM
		{1C2CC439-0472-4D87-BDB7-753B0D1AFD88}.Debug|ARM64.ActiveCfg = Debug|ARM64
		{1C2CC439-0472-4D87-BDB7-753B0D1AFD88}.Debug|ARM64.Build.0 = Debug|ARM64
		{1C2CC439-0472-4D87-BDB7-753B0D1AFD88}.Debug|x64.ActiveCfg = Debug|x64
		{1C2CC439-0472-4D87-BDB7-753B0D1AFD88}.Debug|x64.Build.0 = Debug|x64
		{1C2CC439-0472-4D87-BDB7-753B0D1AFD88}.Debug|x86.ActiveCfg = Debug|x86
		{1C2CC439-0472-4D87-BDB7-753B0D1AFD88}.Debug|x86.Build.0 = Debug|x86
		{1C2CC439-0472-4D87-BDB7-753B0D1AFD88}.Release|ARM.ActiveCfg = Release|ARM
		{1C2CC439-0472-4D87-BDB7-753B0D1AFD88}.Release|ARM.Build.0 = Release|ARM
		{1C2CC439-0472-4D87-BDB7-753B0D1AFD88}.Release|ARM64.ActiveCfg = Release|ARM64
		{1C2CC439-0472-4D87-BDB7-753B0D1AFD88}.Release|ARM64.Build.0 = Release|ARM64
		{1C2CC439-0472-4D87-BDB7-753B0D1AFD88}.Release|x64.ActiveCfg = Release|x64
		{1C2CC439-0472-4D87-BDB7-753B0D1AFD88}.Release|x64.Build.0 = Release|x64
		{1C2CC439-0472-4D87-BDB7-753B0D1AFD88}.Release|x86.ActiveCfg = Release|x86
		{1C2CC439-0472-4D87-BDB7-753B0D1AFD88}.Release|x86.Build.0 = Release|x86
		{CB1D4F5A-5CE0-4EBF-93CB-C5D1BE2EBFB8}.Debug|ARM.ActiveCfg = Debug|ARM
		{CB1D4F5A-5CE0-4EBF-93CB-C5D1BE2EBFB8}.Debug|ARM.Build.0 = Debug|ARM
		{CB1D4F5A-5CE0-4EBF-93CB-C5D1BE2EBFB8}.Debug|ARM64.ActiveCfg = Debug|ARM64
		{CB1D4F5A-5CE0-4EBF-93CB-C5D1BE2EBFB8}.Debug|ARM64.Build.0 = Debug|ARM64
		{CB1D4F5A-5CE0-4EBF-93CB-C5D1BE2EBFB8}.Debug|x64.ActiveCfg = Debug|x64
		{CB1D4F5A-5CE0-4EBF-93CB-C5D1BE2EBFB8}.Debug|x64.Build.0 = Debug|x64
		{CB1D4F5A-5CE0-4EBF-93CB-C5D1BE2EBFB8}.Debug|x86.ActiveCfg = Debug|x86
		{CB1D4F5A-5CE0-4EBF-93CB-C5D1BE2EBFB8}.Debug|x86.Build.0 = Debug|x86
		{CB1D4F5A-5CE0-4EBF-93CB-C5D1BE2EBFB8}.Release|ARM.ActiveCfg = Release|ARM
		{CB1D4F5A-5CE0-4EBF-93CB-C5D1BE2EBFB8}.Release|ARM.Build.0 = Release|ARM
		{CB1D4F5A-5CE0-4EBF-93CB-C5D1BE2EBFB8}.Release|ARM64.ActiveCfg = Release|ARM64
		{CB1D4F5A-5CE0-4EBF-93CB-C5D1BE2EBFB8}.Release|ARM64.Build.0 = Release|ARM64
		{CB1D4F5A-5CE0-4EBF-93CB-C5D1BE2EBFB8}.Release|x64.ActiveCfg = Release|x64
		{CB1D4F5A-5CE0-4EBF-93CB-C5D1BE2EBFB8}.Release|x64.Build.0 = Release|x64
		{CB1D4F5A-5CE0-4EBF-93CB-C5D1BE2EBFB8}.Release|x86.ActiveCfg = Release|x86
		{CB1D4F5A-5CE0-4EBF-93CB-C5D1BE2EBFB8}.Release|x86.Build.0 = Release|x86
		{1358D063-4F99-43B7-9284-48E335CB9D4C}.Debug|ARM.ActiveCfg = Debug|ARM
		{1358D063-4F99-43B7-9284-48E335CB9D4C}.Debug|ARM.Build.0 = Debug|ARM
		{1358D063-4F99-43B7-9284-48E335CB9D4C}.Debug|ARM64.ActiveCfg = Debug|ARM64
		{1358D063-4F99-43B7-9284-48E335CB9D4C}.Debug|ARM64.Build.0 = Debug|ARM64
		{1358D063-4F99-43B7-9284-48E335CB9D4C}.Debug|x64.ActiveCfg = Debug|x64
		{1358D063-4F99-43B7-9284-48E335CB9D4C}.Debug|x64.Build.0 = Debug|x64
		{1358D063-4F99-43B7-9284-48E335CB9D4C}.Debug|x86.ActiveCfg = Debug|x86
		{1358D063-4F99-43B7-9284-48E335CB9D4C}.Debug|x86.Build.0 = Debug|x86
		{1358D063-4F99-43B7-9284-48E335CB9D4C}.Release|ARM.ActiveCfg = Release|ARM
		{1358D063-4F99-43B7-9284-48E335CB9D4C}.Release|ARM.Build.0 = Release|ARM
		{1358D063-4F99-43B7-9284-48E335CB9D4C}.Release|ARM64.ActiveCfg = Release|ARM64
		{1358D063-4F99-43B7-9284-48E335CB9D4C}.Release|ARM64.Build.0 = Release|ARM64
		{1358D063-4F99-43B7-9284-48E335CB9D4C}.Release|x64.ActiveCfg = Release|x64
		{1358D063-4F99-43B7-9284-48E335CB9D4C}.Release|x64.Build.0 = Release|x64
		{1358D063-4F99-43B7-9284-48E335CB9D4C}.Release|x86.ActiveCfg = Release|x86
		{1358D063-4F99-43B7-9284-48E335CB9D4C}.Release|x86.Build.0 = Release|x86
		{B80CA9BE-8D38-4FE1-8EB2-6EE7804B99BE}.Debug|ARM.ActiveCfg = Debug|ARM
		{B80CA9BE-8D38-4FE1-8EB2-6EE7804B99BE}.Debug|ARM.Build.0 = Debug|ARM
		{B80CA9BE-8D38-4FE1-8EB2-6EE7804B99BE}.Debug|ARM64.ActiveCfg = Debug|ARM64
		{B80CA9BE-8D38-4FE1-8EB2-6EE7804B99BE}.Debug|ARM64.Build.0 = Debug|ARM64
		{B80CA9BE-8D38-4FE1-8EB2-6EE7804B99BE}.Debug|x64.ActiveCfg = Debug|x64
		{B80CA9BE-8D38-4FE1-8EB2-6EE7804B99BE}.Debug|x64.Build.0 = Debug|x64
		{B80CA9BE-8D38-4FE1-8EB2-6EE7804B99BE}.Debug|x86.ActiveCfg = Debug|x86
		{B80CA9BE-8D38-4FE1-8EB2-6EE7804B99BE}.Debug|x86.Build.0 = Debug|x86
		{B80CA9BE-8D38-4FE1-8EB2-6EE7804B99BE}.Release|ARM.ActiveCfg = Release|ARM
		{B80CA9BE-8D38-4FE1-8EB2-6EE7804B99BE}.Release|ARM.Build.0 = Release|ARM
		{B80CA9BE-8D38-4FE1-8EB2-6EE7804B99BE}.Release|ARM64.ActiveCfg = Release|ARM64
		{B80CA9BE-8D38-4FE1-8EB2-6EE7804B99BE}.Release|ARM64.Build.0 = Release|ARM64
		{B80CA9BE-8D38-4FE1-8EB2-6EE7804B99BE}.Release|x64.ActiveCfg = Release|x64
		{B80CA9BE-8D38-4FE1-8EB2-6EE7804B99BE}.Release|x64.Build.0 = Release|x64
		{B80CA9BE-8D38-4FE1-8EB2-6EE7804B99BE}.Release|x86.ActiveCfg = Release|x86
		{B80CA9BE-8D38-4FE1-8EB2-6EE7804B99BE}.Release|x86.Build.0 = Release|x86
		{5FDBF02A-6B71-45D0-902A-1459D7F376FF}.Debug|ARM.ActiveCfg = Debug|ARM
		{5FDBF02A-6B71-45D0-902A-1459D7F376FF}.Debug|ARM.Build.0 = Debug|ARM
		{5FDBF02A-6B71-45D0-902A-1459D7F376FF}.Debug|ARM64.ActiveCfg = Debug|ARM64
		{5FDBF02A-6B71-45D0-902A-1459D7F376FF}.Debug|ARM64.Build.0 = Debug|ARM64
		{5FDBF02A-6B71-45D0-902A-1459D7F376FF}.Debug|x64.ActiveCfg = Debug|x64
		{5FDBF02A-6B71-45D0-902A-1459D7F376FF}.Debug|x64.Build.0 = Debug|x64
		{5FDBF02A-6B71-45D0-902A-1459D7F376FF}.Debug|x86.ActiveCfg = Debug|x86
		{5FDBF02A-6B71-45D0-902A-1459D7F376FF}.Debug|x86.Build.0 = Debug|x86
		{5FDBF02A-6B71-45D0-902A-1459D7F376FF}.Release|ARM.ActiveCfg = Release|ARM
		{5FDBF02A-6B71-45D0-902A-1459D7F376FF}.Release|ARM.Build.0 = Release|ARM
		{5FDBF02A-6B71-45D0-902A-1459D7F376FF}.Release|ARM64.ActiveCfg = Release|ARM64
		{5FDBF02A-6B71-45D0-902A-1459D7F376FF}.Release|ARM64.Build.0 = Release|ARM64
		{5FDBF02A-6B71-45D0-902A-1459D7F376FF}.Release|x64.ActiveCfg = Release|x64
		{5FDBF02A-6B71-45D0-902A-1459D7F376FF}.Release|x64.Build.0 = Release|x64
		{5FDBF02A-6B71-45D0-902A-1459D7F376FF}.Release|x86.ActiveCfg = Release|x86
		{5FDBF02A-6B71-45D0-902A-1459D7F376FF}.Release|x86.Build.0 = Release|x86
		{D7E8432C-99AF-4605-ADB2-86F664C9FFC8}.Debug|ARM.ActiveCfg = Debug|ARM
		{D7E8432C-99AF-4605-ADB2-86F664C9FFC8}.Debug|ARM.Build.0 = Debug|ARM
		{D7E8432C-99AF-4605-ADB2-86F664C9FFC8}.Debug|ARM64.ActiveCfg = Debug|ARM64
		{D7E8432C-99AF-4605-ADB2-86F664C9FFC8}.Debug|ARM64.Build.0 = Debug|ARM64
		{D7E8432C-99AF-4605-ADB2-86F664C9FFC8}.Debug|x64.ActiveCfg = Debug|x64
		{D7E8432C-99AF-4605-ADB2-86F664C9FFC8}.Debug|x64.Build.0 = Debug|x64
		{D7E8432C-99AF-4605-ADB2-86F664C9FFC8}.Debug|x86.ActiveCfg = Debug|x86
		{D7E8432C-99AF-4605-ADB2-86F664C9FFC8}.Debug|x86.Build.0 = Debug|x86
		{D7E8432C-99AF-4605-ADB2-86F664C9FFC8}.Release|ARM.ActiveCfg = Release|ARM
		{D7E8432C-99AF-4605-ADB2-86F664C9FFC8}.Release|ARM.Build.0 = Release|ARM
		{D7E8432C-99AF-4605-ADB2-86F664C9FFC8}.Release|ARM64.ActiveCfg = Release|ARM64
		{D7E8432C-99AF-4605-ADB2-86F664C9FFC8}.Release|ARM64.Build.0 = Release|ARM64
		{D7E8432C-99AF-4605-ADB2-86F664C9FFC8}.Release|x64.ActiveCfg = Release|x64
		{D7E8432C-99AF-4605-ADB2-86F664C9FFC8}.Release|x64.Build.0 = Release|x64
		{D7E8432C-99AF-4605-ADB2-86F664C9FFC8}.Release|x86.ActiveCfg = Release|x86
		{D7E8432C-99AF-4605-ADB2-86F664C9FFC8}.Release|x86.Build.0 = Release|x86
		{EA3ECD68-34B5-49EA-80D2-8885FF740970}.Debug|ARM.ActiveCfg = Debug|ARM
		{EA3ECD68-34B5-49EA-80D2-8885FF740970}.Debug|ARM.Build.0 = Debug|ARM
		{EA3ECD68-34B5-49EA-80D2-8885FF740970}.Debug|ARM64.ActiveCfg = Debug|ARM64
		{EA3ECD68-34B5-49EA-80D2-8885FF740970}.Debug|ARM64.Build.0 = Debug|ARM64
		{EA3ECD68-34B5-49EA-80D2-8885FF740970}.Debug|x64.ActiveCfg = Debug|x64
		{EA3ECD68-34B5-49EA-80D2-8885FF740970}.Debug|x64.Build.0 = Debug|x64
		{EA3ECD68-34B5-49EA-80D2-8885FF740970}.Debug|x86.ActiveCfg = Debug|x86
		{EA3ECD68-34B5-49EA-80D2-8885FF740970}.Debug|x86.Build.0 = Debug|x86
		{EA3ECD68-34B5-49EA-80D2-8885FF740970}.Release|ARM.ActiveCfg = Release|ARM
		{EA3ECD68-34B5-49EA-80D2-8885FF740970}.Release|ARM.Build.0 = Release|ARM
		{EA3ECD68-34B5-49EA-80D2-8885FF740970}.Release|ARM64.ActiveCfg = Release|ARM64
		{EA3ECD68-34B5-49EA-80D2-8885FF740970}.Release|ARM64.Build.0 = Release|ARM64
		{EA3ECD68-34B5-49EA-80D2-8885FF740970}.Release|x64.ActiveCfg = Release|x64
		{EA3ECD68-34B5-49EA-80D2-8885FF740970}.Release|x64.Build.0 = Release|x64
		{EA3ECD68-34B5-49EA-80D2-8885FF740970}.Release|x86.ActiveCfg = Release|x86
		{EA3ECD68-34B5-49EA-80D2-8885FF740970}.Release|x86.Build.0 = Release|x86
		{EFE7290D-5CDE-4988-8CC2-2DCD657AD706}.Debug|ARM.ActiveCfg = Debug|ARM
		{EFE7290D-5CDE-4988-8CC2-2DCD657AD706}.Debug|ARM.Build.0 = Debug|ARM
		{EFE7290D-5CDE-4988-8CC2-2DCD657AD706}.Debug|ARM64.ActiveCfg = Debug|ARM64
		{EFE7290D-5CDE-4988-8CC2-2DCD657AD706}.Debug|ARM64.Build.0 = Debug|ARM64
		{EFE7290D-5CDE-4988-8CC2-2DCD657AD706}.Debug|x64.ActiveCfg = Debug|x64
		{EFE7290D-5CDE-4988-8CC2-2DCD657AD706}.Debug|x64.Build.0 = Debug|x64
		{EFE7290D-5CDE-4988-8CC2-2DCD657AD706}.Debug|x86.ActiveCfg = Debug|x86
		{EFE7290D-5CDE-4988-8CC2-2DCD657AD706}.Debug|x86.Build.0 = Debug|x86
		{EFE7290D-5CDE-4988-8CC2-2DCD657AD706}.Release|ARM.ActiveCfg = Release|ARM
		{EFE7290D-5CDE-4988-8CC2-2DCD657AD706}.Release|ARM.Build.0 = Release|ARM
		{EFE7290D-5CDE-4988-8CC2-2DCD657AD706}.Release|ARM64.ActiveCfg = Release|ARM64
		{EFE7290D-5CDE-4988-8CC2-2DCD657AD706}.Release|ARM64.Build.0 = Release|ARM64
		{EFE7290D-5CDE-4988-8CC2-2DCD657AD706}.Release|x64.ActiveCfg = Release|x64
		{EFE7290D-5CDE-4988-8CC2-2DCD657AD706}.Release|x64.Build.0 = Release|x64
		{EFE7290D-5CDE-4988-8CC2-2DCD657AD706}.Release|x86.ActiveCfg = Release|x86
		{EFE7290D-5CDE-4988-8CC2-2DCD657AD706}.Release|x86.Build.0 = Release|x86
		{BC597EA1-4F47-4BB5-9263-87E63174B5FA}.Debug|ARM.ActiveCfg = Debug|ARM
		{BC597EA1-4F47-4BB5-9263-87E63174B5FA}.Debug|ARM.Build.0 = Debug|ARM
		{BC597EA1-4F47-4BB5-9263-87E63174B5FA}.Debug|ARM64.ActiveCfg = Debug|ARM64
		{BC597EA1-4F47-4BB5-9263-87E63174B5FA}.Debug|ARM64.Build.0 = Debug|ARM64
		{BC597EA1-4F47-4BB5-9263-87E63174B5FA}.Debug|x64.ActiveCfg = Debug|x64
		{BC597EA1-4F47-4BB5-9263-87E63174B5FA}.Debug|x64.Build.0 = Debug|x64
		{BC597EA1-4F47-4BB5-9263-87E63174B5FA}.Debug|x86.ActiveCfg = Debug|x86
		{BC597EA1-4F47-4BB5-9263-87E63174B5FA}.Debug|x86.Build.0 = Debug|x86
		{BC597EA1-4F47-4BB5-9263-87E63174B5FA}.Release|ARM.ActiveCfg = Release|ARM
		{BC597EA1-4F47-4BB5-9263-87E63174B5FA}.Release|ARM.Build.0 = Release|ARM
		{BC597EA1-4F47-4BB5-9263-87E63174B5FA}.Release|ARM64.ActiveCfg = Release|ARM64
		{BC597EA1-4F47-4BB5-9263-87E63174B5FA}.Release|ARM64.Build.0 = Release|ARM64
		{BC597EA1-4F47-4BB5-9263-87E63174B5FA}.Release|x64.ActiveCfg = Release|x64
		{BC597EA1-4F47-4BB5-9263-87E63174B5FA}.Release|x64.Build.0 = Release|x64
		{BC597EA1-4F47-4BB5-9263-87E63174B5FA}.Release|x86.ActiveCfg = Release|x86
		{BC597EA1-4F47-4BB5-9263-87E63174B5FA}.Release|x86.Build.0 = Release|x86
		{D7FB0D94-632F-455D-B00D-F1EA5735E16A}.Debug|ARM.ActiveCfg = Debug|ARM
		{D7FB0D94-632F-455D-B00D-F1EA5735E16A}.Debug|ARM.Build.0 = Debug|ARM
		{D7FB0D94-632F-455D-B00D-F1EA5735E16A}.Debug|ARM64.ActiveCfg = Debug|ARM64
		{D7FB0D94-632F-455D-B00D-F1EA5735E16A}.Debug|ARM64.Build.0 = Debug|ARM64
		{D7FB0D94-632F-455D-B00D-F1EA5735E16A}.Debug|x64.ActiveCfg = Debug|x64
		{D7FB0D94-632F-455D-B00D-F1EA5735E16A}.Debug|x64.Build.0 = Debug|x64
		{D7FB0D94-632F-455D-B00D-F1EA5735E16A}.Debug|x86.ActiveCfg = Debug|x86
		{D7FB0D94-632F-455D-B00D-F1EA5735E16A}.Debug|x86.Build.0 = Debug|x86
		{D7FB0D94-632F-455D-B00D-F1EA5735E16A}.Release|ARM.ActiveCfg = Release|ARM
		{D7FB0D94-632F-455D-B00D-F1EA5735E16A}.Release|ARM.Build.0 = Release|ARM
		{D7FB0D94-632F-455D-B00D-F1EA5735E16A}.Release|ARM64.ActiveCfg = Release|ARM64
		{D7FB0D94-632F-455D-B00D-F1EA5735E16A}.Release|ARM64.Build.0 = Release|ARM64
		{D7FB0D94-632F-455D-B00D-F1EA5735E16A}.Release|x64.ActiveCfg = Release|x64
		{D7FB0D94-632F-455D-B00D-F1EA5735E16A}.Release|x64.Build.0 = Release|x64
		{D7FB0D94-632F-455D-B00D-F1EA5735E16A}.Release|x86.ActiveCfg = Release|x86
		{D7FB0D94-632F-455D-B00D-F1EA5735E16A}.Release|x86.Build.0 = Release|x86
	EndGlobalSection
	GlobalSection(SolutionProperties) = preSolution
		HideSolutionNode = FALSE
	EndGlobalSection
	GlobalSection(NestedProjects) = preSolution
		{DBB08532-D02F-4884-A70A-587A0241C082} = {DE61E5BA-7669-4C2E-951F-49779257A7F5}
		{1C2CC439-0472-4D87-BDB7-753B0D1AFD88} = {60A44DB9-74C8-40AF-9113-AE4308A65401}
		{CB1D4F5A-5CE0-4EBF-93CB-C5D1BE2EBFB8} = {60A44DB9-74C8-40AF-9113-AE4308A65401}
		{1358D063-4F99-43B7-9284-48E335CB9D4C} = {6525A638-CB78-4D14-B772-039098072871}
		{B80CA9BE-8D38-4FE1-8EB2-6EE7804B99BE} = {6525A638-CB78-4D14-B772-039098072871}
		{5FDBF02A-6B71-45D0-902A-1459D7F376FF} = {6525A638-CB78-4D14-B772-039098072871}
		{D7E8432C-99AF-4605-ADB2-86F664C9FFC8} = {AF102062-3F85-4306-983D-9D43494BACFA}
		{EA3ECD68-34B5-49EA-80D2-8885FF740970} = {D11BB94D-D2BC-422C-A7A5-FDE65848C913}
		{EFE7290D-5CDE-4988-8CC2-2DCD657AD706} = {D11BB94D-D2BC-422C-A7A5-FDE65848C913}
		{BC597EA1-4F47-4BB5-9263-87E63174B5FA} = {D11BB94D-D2BC-422C-A7A5-FDE65848C913}
		{D7FB0D94-632F-455D-B00D-F1EA5735E16A} = {D11BB94D-D2BC-422C-A7A5-FDE65848C913}
	EndGlobalSection
	GlobalSection(ExtensibilityGlobals) = postSolution
		SolutionGuid = {74F9E210-88DA-4324-A32C-F340BB587C97}
	EndGlobalSection
EndGlobal
